
Microsoft Visual Studio Solution File, Format Version 12.00
# Visual Studio 2017
Project("{FAE04EC0-301F-11D3-BF4B-00C04F79EFBC}") = "RouteManagementApp", "RouteManagementApp.csproj", "{5E4F06E8-992D-4145-8AE1-50D5E9263C40}"
EndProject
Global
	GlobalSection(SolutionConfigurationPlatforms) = preSolution
		Debug|Any CPU = Debug|Any CPU
		Release|Any CPU = Release|Any CPU
	EndGlobalSection
	GlobalSection(ProjectConfigurationPlatforms) = postSolution
		{5E4F06E8-992D-4145-8AE1-50D5E9263C40}.Debug|Any CPU.ActiveCfg = Debug|Any CPU
		{5E4F06E8-992D-4145-8AE1-50D5E9263C40}.Debug|Any CPU.Build.0 = Debug|Any CPU
		{5E4F06E8-992D-4145-8AE1-50D5E9263C40}.Release|Any CPU.ActiveCfg = Release|Any CPU
		{5E4F06E8-992D-4145-8AE1-50D5E9263C40}.Release|Any CPU.Build.0 = Release|Any CPU
	EndGlobalSection
EndGlobal
